{
  "name": "testing",
  "version": "1.0.0",
  "lockfileVersion": 3,
  "requires": true,
  "packages": {
    "": {
      "name": "testing",
      "version": "1.0.0",
      "license": "ISC",
      "devDependencies": {
        "playwright-chromium": "^1.45.3"
      }
    },
    "node_modules/playwright-chromium": {
      "version": "1.45.3",
      "resolved": "https://registry.npmjs.org/playwright-chromium/-/playwright-chromium-1.45.3.tgz",
      "integrity": "sha512-GXY/+1HScU5soR06lu8sc7cnXWBnfWDGH2JV+D3wqxApb9qJbSxDK40H8loOok+naxMO7x6yhgPHwpRSCV9dug==",
      "dev": true,
      "hasInstallScript": true,
      "dependencies": {
        "playwright-core": "1.45.3"
      },
      "bin": {
        "playwright": "cli.js"
      },
      "engines": {
        "node": ">=18"
      }
    },
    "node_modules/playwright-core": {
      "version": "1.45.3",
      "resolved": "https://registry.npmjs.org/playwright-core/-/playwright-core-1.45.3.tgz",
      "integrity": "sha512-+ym0jNbcjikaOwwSZycFbwkWgfruWvYlJfThKYAlImbxUgdWFO2oW70ojPm4OpE4t6TAo2FY/smM+hpVTtkhDA==",
      "dev": true,
      "bin": {
        "playwright-core": "cli.js"
      },
      "engines": {
        "node": ">=18"
      }
    }
  }
}
